{
  "name": "Jeremy-Huff-Author.github.io",
  "lockfileVersion": 3,
  "requires": true,
  "packages": {
    "": {
      "devDependencies": {
        "@notionhq/client": "^3.1.2"
      }
    },
    "node_modules/@notionhq/client": {
      "version": "3.1.2",
      "resolved": "https://registry.npmjs.org/@notionhq/client/-/client-3.1.2.tgz",
      "integrity": "sha512-EqJhtx5ekKW3wieENnDHPl5ZSgDxGyRP5r2664rPH39toW899sL000TSE7WHxenHb+kSIckVQ5OsT9tzPqbENg==",
      "dev": true,
      "license": "MIT",
      "engines": {
        "node": ">=18"
      }
    }
  }
}
